
Microsoft Visual Studio Solution File, Format Version 12.00
# Visual Studio Version 17
VisualStudioVersion = 17.5.33627.172
MinimumVisualStudioVersion = 10.0.40219.1
Project("{FAE04EC0-301F-11D3-BF4B-00C04F79EFBC}") = "URD.FabricationSetIssue", "URD.FabricationSetIssue\URD.FabricationSetIssue.csproj", "{476311E3-D4C1-4EBA-95F3-951FB722D285}"
EndProject
Global
	GlobalSection(SolutionConfigurationPlatforms) = preSolution
		Debug|Any CPU = Debug|Any CPU
		Release|Any CPU = Release|Any CPU
	EndGlobalSection
	GlobalSection(ProjectConfigurationPlatforms) = postSolution
		{476311E3-D4C1-4EBA-95F3-951FB722D285}.Debug|Any CPU.ActiveCfg = Debug|Any CPU
		{476311E3-D4C1-4EBA-95F3-951FB722D285}.Debug|Any CPU.Build.0 = Debug|Any CPU
		{476311E3-D4C1-4EBA-95F3-951FB722D285}.Release|Any CPU.ActiveCfg = Release|Any CPU
		{476311E3-D4C1-4EBA-95F3-951FB722D285}.Release|Any CPU.Build.0 = Release|Any CPU
	EndGlobalSection
	GlobalSection(SolutionProperties) = preSolution
		HideSolutionNode = FALSE
	EndGlobalSection
	GlobalSection(ExtensibilityGlobals) = postSolution
		SolutionGuid = {EDD1EC4C-A115-40F3-A85F-D31F5A4DA0F4}
	EndGlobalSection
EndGlobal
